// !$*UTF8*$!
{
	archiveVersion = 1;
	classes = {
	};
	objectVersion = 50;
	objects = {

/* Begin PBXBuildFile section */
		7CC5B58F270EFEBF0035B1DD /* AppDelegate.swift in Sources */ = {isa = PBXBuildFile; fileRef = 7CC5B58E270EFEBF0035B1DD /* AppDelegate.swift */; };
		7CC5B591270EFEBF0035B1DD /* SceneDelegate.swift in Sources */ = {isa = PBXBuildFile; fileRef = 7CC5B590270EFEBF0035B1DD /* SceneDelegate.swift */; };
		7CC5B593270EFEBF0035B1DD /* ViewController.swift in Sources */ = {isa = PBXBuildFile; fileRef = 7CC5B592270EFEBF0035B1DD /* ViewController.swift */; };
		7CC5B596270EFEBF0035B1DD /* Main.storyboard in Resources */ = {isa = PBXBuildFile; fileRef = 7CC5B594270EFEBF0035B1DD /* Main.storyboard */; };
		7CC5B598270EFEC60035B1DD /* Assets.xcassets in Resources */ = {isa = PBXBuildFile; fileRef = 7CC5B597270EFEC60035B1DD /* Assets.xcassets */; };
		7CC5B59B270EFEC60035B1DD /* LaunchScreen.storyboard in Resources */ = {isa = PBXBuildFile; fileRef = 7CC5B599270EFEC60035B1DD /* LaunchScreen.storyboard */; };
		7CC5B5A6270EFEC60035B1DD /* NumberGuesser_2Tests.swift in Sources */ = {isa = PBXBuildFile; fileRef = 7CC5B5A5270EFEC60035B1DD /* NumberGuesser_2Tests.swift */; };
		7CC5B5B1270EFEC60035B1DD /* NumberGuesser_2UITests.swift in Sources */ = {isa = PBXBuildFile; fileRef = 7CC5B5B0270EFEC60035B1DD /* NumberGuesser_2UITests.swift */; };
		7CC5B5CD270F08A70035B1DD /* happy.png in Resources */ = {isa = PBXBuildFile; fileRef = 7CC5B5CA270F08A70035B1DD /* happy.png */; };
		7CC5B5CE270F08A70035B1DD /* neutral.png in Resources */ = {isa = PBXBuildFile; fileRef = 7CC5B5CB270F08A70035B1DD /* neutral.png */; };
		7CC5B5CF270F08A70035B1DD /* sad.png in Resources */ = {isa = PBXBuildFile; fileRef = 7CC5B5CC270F08A70035B1DD /* sad.png */; };
		CEB7682E272176DB0041E16F /* NumberGuessModel.swift in Sources */ = {isa = PBXBuildFile; fileRef = CEB7682D272176DB0041E16F /* NumberGuessModel.swift */; };
/* End PBXBuildFile section */

/* Begin PBXContainerItemProxy section */
		7CC5B5A2270EFEC60035B1DD /* PBXContainerItemProxy */ = {
			isa = PBXContainerItemProxy;
			containerPortal = 7CC5B583270EFEBF0035B1DD /* Project object */;
			proxyType = 1;
			remoteGlobalIDString = 7CC5B58A270EFEBF0035B1DD;
			remoteInfo = NumberGuesser_2;
		};
		7CC5B5AD270EFEC60035B1DD /* PBXContainerItemProxy */ = {
			isa = PBXContainerItemProxy;
			containerPortal = 7CC5B583270EFEBF0035B1DD /* Project object */;
			proxyType = 1;
			remoteGlobalIDString = 7CC5B58A270EFEBF0035B1DD;
			remoteInfo = NumberGuesser_2;
		};
/* End PBXContainerItemProxy section */

/* Begin PBXFileReference section */
		7CC5B58B270EFEBF0035B1DD /* NumberGuesser_2.app */ = {isa = PBXFileReference; explicitFileType = wrapper.application; includeInIndex = 0; path = NumberGuesser_2.app; sourceTree = BUILT_PRODUCTS_DIR; };
		7CC5B58E270EFEBF0035B1DD /* AppDelegate.swift */ = {isa = PBXFileReference; lastKnownFileType = sourcecode.swift; path = AppDelegate.swift; sourceTree = "<group>"; };
		7CC5B590270EFEBF0035B1DD /* SceneDelegate.swift */ = {isa = PBXFileReference; lastKnownFileType = sourcecode.swift; path = SceneDelegate.swift; sourceTree = "<group>"; };
		7CC5B592270EFEBF0035B1DD /* ViewController.swift */ = {isa = PBXFileReference; lastKnownFileType = sourcecode.swift; path = ViewController.swift; sourceTree = "<group>"; };
		7CC5B595270EFEBF0035B1DD /* Base */ = {isa = PBXFileReference; lastKnownFileType = file.storyboard; name = Base; path = Base.lproj/Main.storyboard; sourceTree = "<group>"; };
		7CC5B597270EFEC60035B1DD /* Assets.xcassets */ = {isa = PBXFileReference; lastKnownFileType = folder.assetcatalog; path = Assets.xcassets; sourceTree = "<group>"; };
		7CC5B59A270EFEC60035B1DD /* Base */ = {isa = PBXFileReference; lastKnownFileType = file.storyboard; name = Base; path = Base.lproj/LaunchScreen.storyboard; sourceTree = "<group>"; };
		7CC5B59C270EFEC60035B1DD /* Info.plist */ = {isa = PBXFileReference; lastKnownFileType = text.plist.xml; path = Info.plist; sourceTree = "<group>"; };
		7CC5B5A1270EFEC60035B1DD /* NumberGuesser_2Tests.xctest */ = {isa = PBXFileReference; explicitFileType = wrapper.cfbundle; includeInIndex = 0; path = NumberGuesser_2Tests.xctest; sourceTree = BUILT_PRODUCTS_DIR; };
		7CC5B5A5270EFEC60035B1DD /* NumberGuesser_2Tests.swift */ = {isa = PBXFileReference; lastKnownFileType = sourcecode.swift; path = NumberGuesser_2Tests.swift; sourceTree = "<group>"; };
		7CC5B5A7270EFEC60035B1DD /* Info.plist */ = {isa = PBXFileReference; lastKnownFileType = text.plist.xml; path = Info.plist; sourceTree = "<group>"; };
		7CC5B5AC270EFEC60035B1DD /* NumberGuesser_2UITests.xctest */ = {isa = PBXFileReference; explicitFileType = wrapper.cfbundle; includeInIndex = 0; path = NumberGuesser_2UITests.xctest; sourceTree = BUILT_PRODUCTS_DIR; };
		7CC5B5B0270EFEC60035B1DD /* NumberGuesser_2UITests.swift */ = {isa = PBXFileReference; lastKnownFileType = sourcecode.swift; path = NumberGuesser_2UITests.swift; sourceTree = "<group>"; };
		7CC5B5B2270EFEC60035B1DD /* Info.plist */ = {isa = PBXFileReference; lastKnownFileType = text.plist.xml; path = Info.plist; sourceTree = "<group>"; };
		7CC5B5CA270F08A70035B1DD /* happy.png */ = {isa = PBXFileReference; lastKnownFileType = image.png; path = happy.png; sourceTree = "<group>"; };
		7CC5B5CB270F08A70035B1DD /* neutral.png */ = {isa = PBXFileReference; lastKnownFileType = image.png; path = neutral.png; sourceTree = "<group>"; };
		7CC5B5CC270F08A70035B1DD /* sad.png */ = {isa = PBXFileReference; lastKnownFileType = image.png; path = sad.png; sourceTree = "<group>"; };
		CEB7682D272176DB0041E16F /* NumberGuessModel.swift */ = {isa = PBXFileReference; lastKnownFileType = sourcecode.swift; path = NumberGuessModel.swift; sourceTree = "<group>"; };
/* End PBXFileReference section */

/* Begin PBXFrameworksBuildPhase section */
		7CC5B588270EFEBF0035B1DD /* Frameworks */ = {
			isa = PBXFrameworksBuildPhase;
			buildActionMask = 2147483647;
			files = (
			);
			runOnlyForDeploymentPostprocessing = 0;
		};
		7CC5B59E270EFEC60035B1DD /* Frameworks */ = {
			isa = PBXFrameworksBuildPhase;
			buildActionMask = 2147483647;
			files = (
			);
			runOnlyForDeploymentPostprocessing = 0;
		};
		7CC5B5A9270EFEC60035B1DD /* Frameworks */ = {
			isa = PBXFrameworksBuildPhase;
			buildActionMask = 2147483647;
			files = (
			);
			runOnlyForDeploymentPostprocessing = 0;
		};
/* End PBXFrameworksBuildPhase section */

/* Begin PBXGroup section */
		7CC5B582270EFEBF0035B1DD = {
			isa = PBXGroup;
			children = (
				7CC5B58D270EFEBF0035B1DD /* NumberGuesser_2 */,
				7CC5B5A4270EFEC60035B1DD /* NumberGuesser_2Tests */,
				7CC5B5AF270EFEC60035B1DD /* NumberGuesser_2UITests */,
				7CC5B58C270EFEBF0035B1DD /* Products */,
			);
			sourceTree = "<group>";
		};
		7CC5B58C270EFEBF0035B1DD /* Products */ = {
			isa = PBXGroup;
			children = (
				7CC5B58B270EFEBF0035B1DD /* NumberGuesser_2.app */,
				7CC5B5A1270EFEC60035B1DD /* NumberGuesser_2Tests.xctest */,
				7CC5B5AC270EFEC60035B1DD /* NumberGuesser_2UITests.xctest */,
			);
			name = Products;
			sourceTree = "<group>";
		};
		7CC5B58D270EFEBF0035B1DD /* NumberGuesser_2 */ = {
			isa = PBXGroup;
			children = (
				7CC5B5CA270F08A70035B1DD /* happy.png */,
				7CC5B5CB270F08A70035B1DD /* neutral.png */,
				7CC5B5CC270F08A70035B1DD /* sad.png */,
				7CC5B58E270EFEBF0035B1DD /* AppDelegate.swift */,
				7CC5B590270EFEBF0035B1DD /* SceneDelegate.swift */,
				7CC5B592270EFEBF0035B1DD /* ViewController.swift */,
				CEB7682D272176DB0041E16F /* NumberGuessModel.swift */,
				7CC5B594270EFEBF0035B1DD /* Main.storyboard */,
				7CC5B597270EFEC60035B1DD /* Assets.xcassets */,
				7CC5B599270EFEC60035B1DD /* LaunchScreen.storyboard */,
				7CC5B59C270EFEC60035B1DD /* Info.plist */,
			);
			path = NumberGuesser_2;
			sourceTree = "<group>";
		};
		7CC5B5A4270EFEC60035B1DD /* NumberGuesser_2Tests */ = {
			isa = PBXGroup;
			children = (
				7CC5B5A5270EFEC60035B1DD /* NumberGuesser_2Tests.swift */,
				7CC5B5A7270EFEC60035B1DD /* Info.plist */,
			);
			path = NumberGuesser_2Tests;
			sourceTree = "<group>";
		};
		7CC5B5AF270EFEC60035B1DD /* NumberGuesser_2UITests */ = {
			isa = PBXGroup;
			children = (
				7CC5B5B0270EFEC60035B1DD /* NumberGuesser_2UITests.swift */,
				7CC5B5B2270EFEC60035B1DD /* Info.plist */,
			);
			path = NumberGuesser_2UITests;
			sourceTree = "<group>";
		};
/* End PBXGroup section */

/* Begin PBXNativeTarget section */
		7CC5B58A270EFEBF0035B1DD /* NumberGuesser_2 */ = {
			isa = PBXNativeTarget;
			buildConfigurationList = 7CC5B5B5270EFEC60035B1DD /* Build configuration list for PBXNativeTarget "NumberGuesser_2" */;
			buildPhases = (
				7CC5B587270EFEBF0035B1DD /* Sources */,
				7CC5B588270EFEBF0035B1DD /* Frameworks */,
				7CC5B589270EFEBF0035B1DD /* Resources */,
			);
			buildRules = (
			);
			dependencies = (
			);
			name = NumberGuesser_2;
			productName = NumberGuesser_2;
			productReference = 7CC5B58B270EFEBF0035B1DD /* NumberGuesser_2.app */;
			productType = "com.apple.product-type.application";
		};
		7CC5B5A0270EFEC60035B1DD /* NumberGuesser_2Tests */ = {
			isa = PBXNativeTarget;
			buildConfigurationList = 7CC5B5B8270EFEC60035B1DD /* Build configuration list for PBXNativeTarget "NumberGuesser_2Tests" */;
			buildPhases = (
				7CC5B59D270EFEC60035B1DD /* Sources */,
				7CC5B59E270EFEC60035B1DD /* Frameworks */,
				7CC5B59F270EFEC60035B1DD /* Resources */,
			);
			buildRules = (
			);
			dependencies = (
				7CC5B5A3270EFEC60035B1DD /* PBXTargetDependency */,
			);
			name = NumberGuesser_2Tests;
			productName = NumberGuesser_2Tests;
			productReference = 7CC5B5A1270EFEC60035B1DD /* NumberGuesser_2Tests.xctest */;
			productType = "com.apple.product-type.bundle.unit-test";
		};
		7CC5B5AB270EFEC60035B1DD /* NumberGuesser_2UITests */ = {
			isa = PBXNativeTarget;
			buildConfigurationList = 7CC5B5BB270EFEC60035B1DD /* Build configuration list for PBXNativeTarget "NumberGuesser_2UITests" */;
			buildPhases = (
				7CC5B5A8270EFEC60035B1DD /* Sources */,
				7CC5B5A9270EFEC60035B1DD /* Frameworks */,
				7CC5B5AA270EFEC60035B1DD /* Resources */,
			);
			buildRules = (
			);
			dependencies = (
				7CC5B5AE270EFEC60035B1DD /* PBXTargetDependency */,
			);
			name = NumberGuesser_2UITests;
			productName = NumberGuesser_2UITests;
			productReference = 7CC5B5AC270EFEC60035B1DD /* NumberGuesser_2UITests.xctest */;
			productType = "com.apple.product-type.bundle.ui-testing";
		};
/* End PBXNativeTarget section */

/* Begin PBXProject section */
		7CC5B583270EFEBF0035B1DD /* Project object */ = {
			isa = PBXProject;
			attributes = {
				LastSwiftUpdateCheck = 1240;
				LastUpgradeCheck = 1240;
				TargetAttributes = {
					7CC5B58A270EFEBF0035B1DD = {
						CreatedOnToolsVersion = 12.4;
					};
					7CC5B5A0270EFEC60035B1DD = {
						CreatedOnToolsVersion = 12.4;
						TestTargetID = 7CC5B58A270EFEBF0035B1DD;
					};
					7CC5B5AB270EFEC60035B1DD = {
						CreatedOnToolsVersion = 12.4;
						TestTargetID = 7CC5B58A270EFEBF0035B1DD;
					};
				};
			};
			buildConfigurationList = 7CC5B586270EFEBF0035B1DD /* Build configuration list for PBXProject "NumberGuesser_2" */;
			compatibilityVersion = "Xcode 9.3";
			developmentRegion = en;
			hasScannedForEncodings = 0;
			knownRegions = (
				en,
				Base,
			);
			mainGroup = 7CC5B582270EFEBF0035B1DD;
			productRefGroup = 7CC5B58C270EFEBF0035B1DD /* Products */;
			projectDirPath = "";
			projectRoot = "";
			targets = (
				7CC5B58A270EFEBF0035B1DD /* NumberGuesser_2 */,
				7CC5B5A0270EFEC60035B1DD /* NumberGuesser_2Tests */,
				7CC5B5AB270EFEC60035B1DD /* NumberGuesser_2UITests */,
			);
		};
/* End PBXProject section */

/* Begin PBXResourcesBuildPhase section */
		7CC5B589270EFEBF0035B1DD /* Resources */ = {
			isa = PBXResourcesBuildPhase;
			buildActionMask = 2147483647;
			files = (
				7CC5B5CF270F08A70035B1DD /* sad.png in Resources */,
				7CC5B59B270EFEC60035B1DD /* LaunchScreen.storyboard in Resources */,
				7CC5B598270EFEC60035B1DD /* Assets.xcassets in Resources */,
				7CC5B5CE270F08A70035B1DD /* neutral.png in Resources */,
				7CC5B5CD270F08A70035B1DD /* happy.png in Resources */,
				7CC5B596270EFEBF0035B1DD /* Main.storyboard in Resources */,
			);
			runOnlyForDeploymentPostprocessing = 0;
		};
		7CC5B59F270EFEC60035B1DD /* Resources */ = {
			isa = PBXResourcesBuildPhase;
			buildActionMask = 2147483647;
			files = (
			);
			runOnlyForDeploymentPostprocessing = 0;
		};
		7CC5B5AA270EFEC60035B1DD /* Resources */ = {
			isa = PBXResourcesBuildPhase;
			buildActionMask = 2147483647;
			files = (
			);
			runOnlyForDeploymentPostprocessing = 0;
		};
/* End PBXResourcesBuildPhase section */

/* Begin PBXSourcesBuildPhase section */
		7CC5B587270EFEBF0035B1DD /* Sources */ = {
			isa = PBXSourcesBuildPhase;
			buildActionMask = 2147483647;
			files = (
				7CC5B593270EFEBF0035B1DD /* ViewController.swift in Sources */,
				7CC5B58F270EFEBF0035B1DD /* AppDelegate.swift in Sources */,
				CEB7682E272176DB0041E16F /* NumberGuessModel.swift in Sources */,
				7CC5B591270EFEBF0035B1DD /* SceneDelegate.swift in Sources */,
			);
			runOnlyForDeploymentPostprocessing = 0;
		};
		7CC5B59D270EFEC60035B1DD /* Sources */ = {
			isa = PBXSourcesBuildPhase;
			buildActionMask = 2147483647;
			files = (
				7CC5B5A6270EFEC60035B1DD /* NumberGuesser_2Tests.swift in Sources */,
			);
			runOnlyForDeploymentPostprocessing = 0;
		};
		7CC5B5A8270EFEC60035B1DD /* Sources */ = {
			isa = PBXSourcesBuildPhase;
			buildActionMask = 2147483647;
			files = (
				7CC5B5B1270EFEC60035B1DD /* NumberGuesser_2UITests.swift in Sources */,
			);
			runOnlyForDeploymentPostprocessing = 0;
		};
/* End PBXSourcesBuildPhase section */

/* Begin PBXTargetDependency section */
		7CC5B5A3270EFEC60035B1DD /* PBXTargetDependency */ = {
			isa = PBXTargetDependency;
			target = 7CC5B58A270EFEBF0035B1DD /* NumberGuesser_2 */;
			targetProxy = 7CC5B5A2270EFEC60035B1DD /* PBXContainerItemProxy */;
		};
		7CC5B5AE270EFEC60035B1DD /* PBXTargetDependency */ = {
			isa = PBXTargetDependency;
			target = 7CC5B58A270EFEBF0035B1DD /* NumberGuesser_2 */;
			targetProxy = 7CC5B5AD270EFEC60035B1DD /* PBXContainerItemProxy */;
		};
/* End PBXTargetDependency section */

/* Begin PBXVariantGroup section */
		7CC5B594270EFEBF0035B1DD /* Main.storyboard */ = {
			isa = PBXVariantGroup;
			children = (
				7CC5B595270EFEBF0035B1DD /* Base */,
			);
			name = Main.storyboard;
			sourceTree = "<group>";
		};
		7CC5B599270EFEC60035B1DD /* LaunchScreen.storyboard */ = {
			isa = PBXVariantGroup;
			children = (
				7CC5B59A270EFEC60035B1DD /* Base */,
			);
			name = LaunchScreen.storyboard;
			sourceTree = "<group>";
		};
/* End PBXVariantGroup section */

/* Begin XCBuildConfiguration section */
		7CC5B5B3270EFEC60035B1DD /* Debug */ = {
			isa = XCBuildConfiguration;
			buildSettings = {
				ALWAYS_SEARCH_USER_PATHS = NO;
				CLANG_ANALYZER_NONNULL = YES;
				CLANG_ANALYZER_NUMBER_OBJECT_CONVERSION = YES_AGGRESSIVE;
				CLANG_CXX_LANGUAGE_STANDARD = "gnu++14";
				CLANG_CXX_LIBRARY = "libc++";
				CLANG_ENABLE_MODULES = YES;
				CLANG_ENABLE_OBJC_ARC = YES;
				CLANG_ENABLE_OBJC_WEAK = YES;
				CLANG_WARN_BLOCK_CAPTURE_AUTORELEASING = YES;
				CLANG_WARN_BOOL_CONVERSION = YES;
				CLANG_WARN_COMMA = YES;
				CLANG_WARN_CONSTANT_CONVERSION = YES;
				CLANG_WARN_DEPRECATED_OBJC_IMPLEMENTATIONS = YES;
				CLANG_WARN_DIRECT_OBJC_ISA_USAGE = YES_ERROR;
				CLANG_WARN_DOCUMENTATION_COMMENTS = YES;
				CLANG_WARN_EMPTY_BODY = YES;
				CLANG_WARN_ENUM_CONVERSION = YES;
				CLANG_WARN_INFINITE_RECURSION = YES;
				CLANG_WARN_INT_CONVERSION = YES;
				CLANG_WARN_NON_LITERAL_NULL_CONVERSION = YES;
				CLANG_WARN_OBJC_IMPLICIT_RETAIN_SELF = YES;
				CLANG_WARN_OBJC_LITERAL_CONVERSION = YES;
				CLANG_WARN_OBJC_ROOT_CLASS = YES_ERROR;
				CLANG_WARN_QUOTED_INCLUDE_IN_FRAMEWORK_HEADER = YES;
				CLANG_WARN_RANGE_LOOP_ANALYSIS = YES;
				CLANG_WARN_STRICT_PROTOTYPES = YES;
				CLANG_WARN_SUSPICIOUS_MOVE = YES;
				CLANG_WARN_UNGUARDED_AVAILABILITY = YES_AGGRESSIVE;
				CLANG_WARN_UNREACHABLE_CODE = YES;
				CLANG_WARN__DUPLICATE_METHOD_MATCH = YES;
				COPY_PHASE_STRIP = NO;
				DEBUG_INFORMATION_FORMAT = dwarf;
				ENABLE_STRICT_OBJC_MSGSEND = YES;
				ENABLE_TESTABILITY = YES;
				GCC_C_LANGUAGE_STANDARD = gnu11;
				GCC_DYNAMIC_NO_PIC = NO;
				GCC_NO_COMMON_BLOCKS = YES;
				GCC_OPTIMIZATION_LEVEL = 0;
				GCC_PREPROCESSOR_DEFINITIONS = (
					"DEBUG=1",
					"$(inherited)",
				);
				GCC_WARN_64_TO_32_BIT_CONVERSION = YES;
				GCC_WARN_ABOUT_RETURN_TYPE = YES_ERROR;
				GCC_WARN_UNDECLARED_SELECTOR = YES;
				GCC_WARN_UNINITIALIZED_AUTOS = YES_AGGRESSIVE;
				GCC_WARN_UNUSED_FUNCTION = YES;
				GCC_WARN_UNUSED_VARIABLE = YES;
				IPHONEOS_DEPLOYMENT_TARGET = 14.4;
				MTL_ENABLE_DEBUG_INFO = INCLUDE_SOURCE;
				MTL_FAST_MATH = YES;
				ONLY_ACTIVE_ARCH = YES;
				SDKROOT = iphoneos;
				SWIFT_ACTIVE_COMPILATION_CONDITIONS = DEBUG;
				SWIFT_OPTIMIZATION_LEVEL = "-Onone";
			};
			name = Debug;
		};
		7CC5B5B4270EFEC60035B1DD /* Release */ = {
			isa = XCBuildConfiguration;
			buildSettings = {
				ALWAYS_SEARCH_USER_PATHS = NO;
				CLANG_ANALYZER_NONNULL = YES;
				CLANG_ANALYZER_NUMBER_OBJECT_CONVERSION = YES_AGGRESSIVE;
				CLANG_CXX_LANGUAGE_STANDARD = "gnu++14";
				CLANG_CXX_LIBRARY = "libc++";
				CLANG_ENABLE_MODULES = YES;
				CLANG_ENABLE_OBJC_ARC = YES;
				CLANG_ENABLE_OBJC_WEAK = YES;
				CLANG_WARN_BLOCK_CAPTURE_AUTORELEASING = YES;
				CLANG_WARN_BOOL_CONVERSION = YES;
				CLANG_WARN_COMMA = YES;
				CLANG_WARN_CONSTANT_CONVERSION = YES;
				CLANG_WARN_DEPRECATED_OBJC_IMPLEMENTATIONS = YES;
				CLANG_WARN_DIRECT_OBJC_ISA_USAGE = YES_ERROR;
				CLANG_WARN_DOCUMENTATION_COMMENTS = YES;
				CLANG_WARN_EMPTY_BODY = YES;
				CLANG_WARN_ENUM_CONVERSION = YES;
				CLANG_WARN_INFINITE_RECURSION = YES;
				CLANG_WARN_INT_CONVERSION = YES;
				CLANG_WARN_NON_LITERAL_NULL_CONVERSION = YES;
				CLANG_WARN_OBJC_IMPLICIT_RETAIN_SELF = YES;
				CLANG_WARN_OBJC_LITERAL_CONVERSION = YES;
				CLANG_WARN_OBJC_ROOT_CLASS = YES_ERROR;
				CLANG_WARN_QUOTED_INCLUDE_IN_FRAMEWORK_HEADER = YES;
				CLANG_WARN_RANGE_LOOP_ANALYSIS = YES;
				CLANG_WARN_STRICT_PROTOTYPES = YES;
				CLANG_WARN_SUSPICIOUS_MOVE = YES;
				CLANG_WARN_UNGUARDED_AVAILABILITY = YES_AGGRESSIVE;
				CLANG_WARN_UNREACHABLE_CODE = YES;
				CLANG_WARN__DUPLICATE_METHOD_MATCH = YES;
				COPY_PHASE_STRIP = NO;
				DEBUG_INFORMATION_FORMAT = "dwarf-with-dsym";
				ENABLE_NS_ASSERTIONS = NO;
				ENABLE_STRICT_OBJC_MSGSEND = YES;
				GCC_C_LANGUAGE_STANDARD = gnu11;
				GCC_NO_COMMON_BLOCKS = YES;
				GCC_WARN_64_TO_32_BIT_CONVERSION = YES;
				GCC_WARN_ABOUT_RETURN_TYPE = YES_ERROR;
				GCC_WARN_UNDECLARED_SELECTOR = YES;
				GCC_WARN_UNINITIALIZED_AUTOS = YES_AGGRESSIVE;
				GCC_WARN_UNUSED_FUNCTION = YES;
				GCC_WARN_UNUSED_VARIABLE = YES;
				IPHONEOS_DEPLOYMENT_TARGET = 14.4;
				MTL_ENABLE_DEBUG_INFO = NO;
				MTL_FAST_MATH = YES;
				SDKROOT = iphoneos;
				SWIFT_COMPILATION_MODE = wholemodule;
				SWIFT_OPTIMIZATION_LEVEL = "-O";
				VALIDATE_PRODUCT = YES;
			};
			name = Release;
		};
		7CC5B5B6270EFEC60035B1DD /* Debug */ = {
			isa = XCBuildConfiguration;
			buildSettings = {
				ASSETCATALOG_COMPILER_APPICON_NAME = AppIcon;
				ASSETCATALOG_COMPILER_GLOBAL_ACCENT_COLOR_NAME = AccentColor;
				CODE_SIGN_STYLE = Automatic;
				INFOPLIST_FILE = NumberGuesser_2/Info.plist;
				LD_RUNPATH_SEARCH_PATHS = (
					"$(inherited)",
					"@executable_path/Frameworks",
				);
				PRODUCT_BUNDLE_IDENTIFIER = "at.ac.htlperg.lehner.NumberGuesser-2";
				PRODUCT_NAME = "$(TARGET_NAME)";
				SWIFT_VERSION = 5.0;
				TARGETED_DEVICE_FAMILY = "1,2";
			};
			name = Debug;
		};
		7CC5B5B7270EFEC60035B1DD /* Release */ = {
			isa = XCBuildConfiguration;
			buildSettings = {
				ASSETCATALOG_COMPILER_APPICON_NAME = AppIcon;
				ASSETCATALOG_COMPILER_GLOBAL_ACCENT_COLOR_NAME = AccentColor;
				CODE_SIGN_STYLE = Automatic;
				INFOPLIST_FILE = NumberGuesser_2/Info.plist;
				LD_RUNPATH_SEARCH_PATHS = (
					"$(inherited)",
					"@executable_path/Frameworks",
				);
				PRODUCT_BUNDLE_IDENTIFIER = "at.ac.htlperg.lehner.NumberGuesser-2";
				PRODUCT_NAME = "$(TARGET_NAME)";
				SWIFT_VERSION = 5.0;
				TARGETED_DEVICE_FAMILY = "1,2";
			};
			name = Release;
		};
		7CC5B5B9270EFEC60035B1DD /* Debug */ = {
			isa = XCBuildConfiguration;
			buildSettings = {
				ALWAYS_EMBED_SWIFT_STANDARD_LIBRARIES = YES;
				BUNDLE_LOADER = "$(TEST_HOST)";
				CODE_SIGN_STYLE = Automatic;
				INFOPLIST_FILE = NumberGuesser_2Tests/Info.plist;
				IPHONEOS_DEPLOYMENT_TARGET = 14.4;
				LD_RUNPATH_SEARCH_PATHS = (
					"$(inherited)",
					"@executable_path/Frameworks",
					"@loader_path/Frameworks",
				);
				PRODUCT_BUNDLE_IDENTIFIER = "at.ac.htlperg.lehner.NumberGuesser-2Tests";
				PRODUCT_NAME = "$(TARGET_NAME)";
				SWIFT_VERSION = 5.0;
				TARGETED_DEVICE_FAMILY = "1,2";
				TEST_HOST = "$(BUILT_PRODUCTS_DIR)/NumberGuesser_2.app/NumberGuesser_2";
			};
			name = Debug;
		};
		7CC5B5BA270EFEC60035B1DD /* Release */ = {
			isa = XCBuildConfiguration;
			buildSettings = {
				ALWAYS_EMBED_SWIFT_STANDARD_LIBRARIES = YES;
				BUNDLE_LOADER = "$(TEST_HOST)";
				CODE_SIGN_STYLE = Automatic;
				INFOPLIST_FILE = NumberGuesser_2Tests/Info.plist;
				IPHONEOS_DEPLOYMENT_TARGET = 14.4;
				LD_RUNPATH_SEARCH_PATHS = (
					"$(inherited)",
					"@executable_path/Frameworks",
					"@loader_path/Frameworks",
				);
				PRODUCT_BUNDLE_IDENTIFIER = "at.ac.htlperg.lehner.NumberGuesser-2Tests";
				PRODUCT_NAME = "$(TARGET_NAME)";
				SWIFT_VERSION = 5.0;
				TARGETED_DEVICE_FAMILY = "1,2";
				TEST_HOST = "$(BUILT_PRODUCTS_DIR)/NumberGuesser_2.app/NumberGuesser_2";
			};
			name = Release;
		};
		7CC5B5BC270EFEC60035B1DD /* Debug */ = {
			isa = XCBuildConfiguration;
			buildSettings = {
				ALWAYS_EMBED_SWIFT_STANDARD_LIBRARIES = YES;
				CODE_SIGN_STYLE = Automatic;
				INFOPLIST_FILE = NumberGuesser_2UITests/Info.plist;
				LD_RUNPATH_SEARCH_PATHS = (
					"$(inherited)",
					"@executable_path/Frameworks",
					"@loader_path/Frameworks",
				);
				PRODUCT_BUNDLE_IDENTIFIER = "at.ac.htlperg.lehner.NumberGuesser-2UITests";
				PRODUCT_NAME = "$(TARGET_NAME)";
				SWIFT_VERSION = 5.0;
				TARGETED_DEVICE_FAMILY = "1,2";
				TEST_TARGET_NAME = NumberGuesser_2;
			};
			name = Debug;
		};
		7CC5B5BD270EFEC60035B1DD /* Release */ = {
			isa = XCBuildConfiguration;
			buildSettings = {
				ALWAYS_EMBED_SWIFT_STANDARD_LIBRARIES = YES;
				CODE_SIGN_STYLE = Automatic;
				INFOPLIST_FILE = NumberGuesser_2UITests/Info.plist;
				LD_RUNPATH_SEARCH_PATHS = (
					"$(inherited)",
					"@executable_path/Frameworks",
					"@loader_path/Frameworks",
				);
				PRODUCT_BUNDLE_IDENTIFIER = "at.ac.htlperg.lehner.NumberGuesser-2UITests";
				PRODUCT_NAME = "$(TARGET_NAME)";
				SWIFT_VERSION = 5.0;
				TARGETED_DEVICE_FAMILY = "1,2";
				TEST_TARGET_NAME = NumberGuesser_2;
			};
			name = Release;
		};
/* End XCBuildConfiguration section */

/* Begin XCConfigurationList section */
		7CC5B586270EFEBF0035B1DD /* Build configuration list for PBXProject "NumberGuesser_2" */ = {
			isa = XCConfigurationList;
			buildConfigurations = (
				7CC5B5B3270EFEC60035B1DD /* Debug */,
				7CC5B5B4270EFEC60035B1DD /* Release */,
			);
			defaultConfigurationIsVisible = 0;
			defaultConfigurationName = Release;
		};
		7CC5B5B5270EFEC60035B1DD /* Build configuration list for PBXNativeTarget "NumberGuesser_2" */ = {
			isa = XCConfigurationList;
			buildConfigurations = (
				7CC5B5B6270EFEC60035B1DD /* Debug */,
				7CC5B5B7270EFEC60035B1DD /* Release */,
			);
			defaultConfigurationIsVisible = 0;
			defaultConfigurationName = Release;
		};
		7CC5B5B8270EFEC60035B1DD /* Build configuration list for PBXNativeTarget "NumberGuesser_2Tests" */ = {
			isa = XCConfigurationList;
			buildConfigurations = (
				7CC5B5B9270EFEC60035B1DD /* Debug */,
				7CC5B5BA270EFEC60035B1DD /* Release */,
			);
			defaultConfigurationIsVisible = 0;
			defaultConfigurationName = Release;
		};
		7CC5B5BB270EFEC60035B1DD /* Build configuration list for PBXNativeTarget "NumberGuesser_2UITests" */ = {
			isa = XCConfigurationList;
			buildConfigurations = (
				7CC5B5BC270EFEC60035B1DD /* Debug */,
				7CC5B5BD270EFEC60035B1DD /* Release */,
			);
			defaultConfigurationIsVisible = 0;
			defaultConfigurationName = Release;
		};
/* End XCConfigurationList section */
	};
	rootObject = 7CC5B583270EFEBF0035B1DD /* Project object */;
}
